
Microsoft Visual Studio Solution File, Format Version 12.00
# Visual Studio 15
Project("{FAE04EC0-301F-11D3-BF4B-00C04F79EFBC}") = "Assembly-CSharp", "Assembly-CSharp.csproj", "{CF0C9DE0-45FC-8528-1FA6-0176A997AEAD}"
EndProject
Project("{FAE04EC0-301F-11D3-BF4B-00C04F79EFBC}") = "NavMeshComponents", "NavMeshComponents.csproj", "{F43913D2-C0F2-4767-C7C8-EF78E41B6AF7}"
EndProject
Project("{FAE04EC0-301F-11D3-BF4B-00C04F79EFBC}") = "NavMeshComponentsEditor", "NavMeshComponentsEditor.csproj", "{CC59E90E-B7DC-5464-DBC6-AE07997F5F6F}"
EndProject
Project("{FAE04EC0-301F-11D3-BF4B-00C04F79EFBC}") = "Assembly-CSharp-Editor", "Assembly-CSharp-Editor.csproj", "{A7651C75-E4D1-BBEB-7FAD-165734443EBE}"
EndProject
Global
	GlobalSection(SolutionConfigurationPlatforms) = preSolution
		Debug|Any CPU = Debug|Any CPU
		Release|Any CPU = Release|Any CPU
	EndGlobalSection
	GlobalSection(ProjectConfigurationPlatforms) = postSolution
		{CF0C9DE0-45FC-8528-1FA6-0176A997AEAD}.Debug|Any CPU.ActiveCfg = Debug|Any CPU
		{CF0C9DE0-45FC-8528-1FA6-0176A997AEAD}.Debug|Any CPU.Build.0 = Debug|Any CPU
		{CF0C9DE0-45FC-8528-1FA6-0176A997AEAD}.Release|Any CPU.ActiveCfg = Release|Any CPU
		{CF0C9DE0-45FC-8528-1FA6-0176A997AEAD}.Release|Any CPU.Build.0 = Release|Any CPU
		{F43913D2-C0F2-4767-C7C8-EF78E41B6AF7}.Debug|Any CPU.ActiveCfg = Debug|Any CPU
		{F43913D2-C0F2-4767-C7C8-EF78E41B6AF7}.Debug|Any CPU.Build.0 = Debug|Any CPU
		{F43913D2-C0F2-4767-C7C8-EF78E41B6AF7}.Release|Any CPU.ActiveCfg = Release|Any CPU
		{F43913D2-C0F2-4767-C7C8-EF78E41B6AF7}.Release|Any CPU.Build.0 = Release|Any CPU
		{CC59E90E-B7DC-5464-DBC6-AE07997F5F6F}.Debug|Any CPU.ActiveCfg = Debug|Any CPU
		{CC59E90E-B7DC-5464-DBC6-AE07997F5F6F}.Debug|Any CPU.Build.0 = Debug|Any CPU
		{CC59E90E-B7DC-5464-DBC6-AE07997F5F6F}.Release|Any CPU.ActiveCfg = Release|Any CPU
		{CC59E90E-B7DC-5464-DBC6-AE07997F5F6F}.Release|Any CPU.Build.0 = Release|Any CPU
		{A7651C75-E4D1-BBEB-7FAD-165734443EBE}.Debug|Any CPU.ActiveCfg = Debug|Any CPU
		{A7651C75-E4D1-BBEB-7FAD-165734443EBE}.Debug|Any CPU.Build.0 = Debug|Any CPU
		{A7651C75-E4D1-BBEB-7FAD-165734443EBE}.Release|Any CPU.ActiveCfg = Release|Any CPU
		{A7651C75-E4D1-BBEB-7FAD-165734443EBE}.Release|Any CPU.Build.0 = Release|Any CPU
	EndGlobalSection
	GlobalSection(SolutionProperties) = preSolution
		HideSolutionNode = FALSE
	EndGlobalSection
EndGlobal
